
Microsoft Visual Studio Solution File, Format Version 12.00
# Visual Studio Version 17
VisualStudioVersion = 17.5.33424.131
MinimumVisualStudioVersion = 10.0.40219.1
Project("{9A19103F-16F7-4668-BE54-9A1E7A4F7556}") = "Lang.ToolAPI", "Lang.ToolAPI\Lang.ToolAPI.csproj", "{901A68F6-4873-4FEE-B194-6C5F45560789}"
EndProject
Project("{FAE04EC0-301F-11D3-BF4B-00C04F79EFBC}") = "Lang.ToolBiz", "Lang.ToolBiz\Lang.ToolBiz.csproj", "{6A909A08-5000-45EC-B587-E78C360D3CB9}"
EndProject
Global
	GlobalSection(SolutionConfigurationPlatforms) = preSolution
		Debug|Any CPU = Debug|Any CPU
		Release|Any CPU = Release|Any CPU
	EndGlobalSection
	GlobalSection(ProjectConfigurationPlatforms) = postSolution
		{901A68F6-4873-4FEE-B194-6C5F45560789}.Debug|Any CPU.ActiveCfg = Debug|Any CPU
		{901A68F6-4873-4FEE-B194-6C5F45560789}.Debug|Any CPU.Build.0 = Debug|Any CPU
		{901A68F6-4873-4FEE-B194-6C5F45560789}.Release|Any CPU.ActiveCfg = Release|Any CPU
		{901A68F6-4873-4FEE-B194-6C5F45560789}.Release|Any CPU.Build.0 = Release|Any CPU
		{6A909A08-5000-45EC-B587-E78C360D3CB9}.Debug|Any CPU.ActiveCfg = Debug|Any CPU
		{6A909A08-5000-45EC-B587-E78C360D3CB9}.Debug|Any CPU.Build.0 = Debug|Any CPU
		{6A909A08-5000-45EC-B587-E78C360D3CB9}.Release|Any CPU.ActiveCfg = Release|Any CPU
		{6A909A08-5000-45EC-B587-E78C360D3CB9}.Release|Any CPU.Build.0 = Release|Any CPU
	EndGlobalSection
	GlobalSection(SolutionProperties) = preSolution
		HideSolutionNode = FALSE
	EndGlobalSection
	GlobalSection(ExtensibilityGlobals) = postSolution
		SolutionGuid = {04069FC6-38B7-4CA3-AA2D-D375B52E2540}
	EndGlobalSection
EndGlobal
